
Microsoft Visual Studio Solution File, Format Version 12.00
# Visual Studio 15
Project("{FAE04EC0-301F-11D3-BF4B-00C04F79EFBC}") = "CPS410-F19-Team06-master", "CPS410-F19-Team06-master.csproj", "{6BF6908A-46DF-FC06-954E-3699320F6EB6}"
EndProject
Global
	GlobalSection(SolutionConfigurationPlatforms) = preSolution
		Debug|Any CPU = Debug|Any CPU
		Release|Any CPU = Release|Any CPU
	EndGlobalSection
	GlobalSection(ProjectConfigurationPlatforms) = postSolution
		{6BF6908A-46DF-FC06-954E-3699320F6EB6}.Debug|Any CPU.ActiveCfg = Debug|Any CPU
		{6BF6908A-46DF-FC06-954E-3699320F6EB6}.Debug|Any CPU.Build.0 = Debug|Any CPU
		{6BF6908A-46DF-FC06-954E-3699320F6EB6}.Release|Any CPU.ActiveCfg = Release|Any CPU
		{6BF6908A-46DF-FC06-954E-3699320F6EB6}.Release|Any CPU.Build.0 = Release|Any CPU
	EndGlobalSection
	GlobalSection(SolutionProperties) = preSolution
		HideSolutionNode = FALSE
	EndGlobalSection
EndGlobal
